
Microsoft Visual Studio Solution File, Format Version 12.00
# Visual Studio 2012
Project("{FAE04EC0-301F-11D3-BF4B-00C04F79EFBC}") = "Evoke.Components.Pipelines", "Evoke.Components.Pipelines\Evoke.Components.Pipelines.csproj", "{7346DA32-7605-48D6-BE88-1FBF4921DF5E}"
EndProject
Project("{FAE04EC0-301F-11D3-BF4B-00C04F79EFBC}") = "Evoke.Components.Pipelines.Tests", "Evoke.Components.Pipelines.Tests\Evoke.Components.Pipelines.Tests.csproj", "{C89BFD07-6BC4-4B83-AD2E-30CD4689B0A1}"
EndProject
Global
	GlobalSection(SolutionConfigurationPlatforms) = preSolution
		Debug|Any CPU = Debug|Any CPU
		Release|Any CPU = Release|Any CPU
	EndGlobalSection
	GlobalSection(ProjectConfigurationPlatforms) = postSolution
		{7346DA32-7605-48D6-BE88-1FBF4921DF5E}.Debug|Any CPU.ActiveCfg = Debug|Any CPU
		{7346DA32-7605-48D6-BE88-1FBF4921DF5E}.Debug|Any CPU.Build.0 = Debug|Any CPU
		{7346DA32-7605-48D6-BE88-1FBF4921DF5E}.Release|Any CPU.ActiveCfg = Release|Any CPU
		{7346DA32-7605-48D6-BE88-1FBF4921DF5E}.Release|Any CPU.Build.0 = Release|Any CPU
		{C89BFD07-6BC4-4B83-AD2E-30CD4689B0A1}.Debug|Any CPU.ActiveCfg = Debug|Any CPU
		{C89BFD07-6BC4-4B83-AD2E-30CD4689B0A1}.Debug|Any CPU.Build.0 = Debug|Any CPU
		{C89BFD07-6BC4-4B83-AD2E-30CD4689B0A1}.Release|Any CPU.ActiveCfg = Release|Any CPU
		{C89BFD07-6BC4-4B83-AD2E-30CD4689B0A1}.Release|Any CPU.Build.0 = Release|Any CPU
	EndGlobalSection
EndGlobal
